{
  "requires": true,
  "lockfileVersion": 1,
  "dependencies": {
    "bezier-easing": {
      "version": "2.1.0",
      "resolved": "https://registry.npmjs.org/bezier-easing/-/bezier-easing-2.1.0.tgz",
      "integrity": "sha1-wE3+i5JtbsrKGBPWn/F5t8ICXYY="
    },
    "vue-scrollto": {
      "version": "2.18.1",
      "resolved": "https://registry.npmjs.org/vue-scrollto/-/vue-scrollto-2.18.1.tgz",
      "integrity": "sha512-JojeVOP1Z50Jt0OCOd61jRRRF8TrNvPAzF4LAKwkTEZnt30mpDd48aDZZOEPD3l6z2PybOyUGFT/FNWfTtFv9w==",
      "requires": {
        "bezier-easing": "2.1.0"
      }
    }
  }
}
